{
  "name": "intro",
  "version": "1.0.0",
  "lockfileVersion": 1,
  "requires": true,
  "dependencies": {
    "@babel/helper-annotate-as-pure": {
      "version": "7.0.0",
      "resolved": "https://registry.npmjs.org/@babel/helper-annotate-as-pure/-/helper-annotate-as-pure-7.0.0.tgz",
      "integrity": "sha512-3UYcJUj9kvSLbLbUIfQTqzcy5VX7GRZ/CCDrnOaZorFFM01aXp1+GJwuFGV4NDDoAS+mOUyHcO6UD/RfqOks3Q==",
      "requires": {
        "@babel/types": "^7.0.0"
      }
    },
    "@babel/helper-module-imports": {
      "version": "7.0.0",
      "resolved": "https://registry.npmjs.org/@babel/helper-module-imports/-/helper-module-imports-7.0.0.tgz",
      "integrity": "sha512-aP/hlLq01DWNEiDg4Jn23i+CXxW/owM4WpDLFUbpjxe4NS3BhLVZQ5i7E0ZrxuQ/vwekIeciyamgB1UIYxxM6A==",
      "requires": {
        "@babel/types": "^7.0.0"
      }
    },
    "@babel/types": {
      "version": "7.4.4",
      "resolved": "https://registry.npmjs.org/@babel/types/-/types-7.4.4.tgz",
      "integrity": "sha512-dOllgYdnEFOebhkKCjzSVFqw/PmmB8pH6RGOWkY4GsboQNd47b1fBThBSwlHAq9alF9vc1M3+6oqR47R50L0tQ==",
      "requires": {
        "esutils": "^2.0.2",
        "lodash": "^4.17.11",
        "to-fast-properties": "^2.0.0"
      }
    },
    "@emotion/is-prop-valid": {
      "version": "0.7.3",
      "resolved": "https://registry.npmjs.org/@emotion/is-prop-valid/-/is-prop-valid-0.7.3.tgz",
      "integrity": "sha512-uxJqm/sqwXw3YPA5GXX365OBcJGFtxUVkB6WyezqFHlNe9jqUWH5ur2O2M8dGBz61kn1g3ZBlzUunFQXQIClhA==",
      "requires": {
        "@emotion/memoize": "0.7.1"
      }
    },
    "@emotion/memoize": {
      "version": "0.7.1",
      "resolved": "https://registry.npmjs.org/@emotion/memoize/-/memoize-0.7.1.tgz",
      "integrity": "sha512-Qv4LTqO11jepd5Qmlp3M1YEjBumoTHcHFdgPTQ+sFlIL5myi/7xu/POwP7IRu6odBdmLXdtIs1D6TuW6kbwbbg=="
    },
    "@emotion/unitless": {
      "version": "0.7.3",
      "resolved": "https://registry.npmjs.org/@emotion/unitless/-/unitless-0.7.3.tgz",
      "integrity": "sha512-4zAPlpDEh2VwXswwr/t8xGNDGg8RQiPxtxZ3qQEXyQsBV39ptTdESCjuBvGze1nLMVrxmTIKmnO/nAV8Tqjjzg=="
    },
    "babel-plugin-styled-components": {
      "version": "1.10.1",
      "resolved": "https://registry.npmjs.org/babel-plugin-styled-components/-/babel-plugin-styled-components-1.10.1.tgz",
      "integrity": "sha512-F6R2TnPGNN6iuXCs0xQ+EsrunwNoWI55J5I8Pkd/+fzzbv1I4gFgTaZepMOVpLobYWU2XaLIm+73L0zD3CnOdQ==",
      "requires": {
        "@babel/helper-annotate-as-pure": "^7.0.0",
        "@babel/helper-module-imports": "^7.0.0",
        "babel-plugin-syntax-jsx": "^6.18.0",
        "lodash": "^4.17.11"
      }
    },
    "babel-plugin-syntax-jsx": {
      "version": "6.18.0",
      "resolved": "https://registry.npmjs.org/babel-plugin-syntax-jsx/-/babel-plugin-syntax-jsx-6.18.0.tgz",
      "integrity": "sha1-CvMqmm4Tyno/1QaeYtew9Y0NiUY="
    },
    "camelize": {
      "version": "1.0.0",
      "resolved": "https://registry.npmjs.org/camelize/-/camelize-1.0.0.tgz",
      "integrity": "sha1-FkpUg+Yw+kMh5a8HAg5TGDGyYJs="
    },
    "css-color-keywords": {
      "version": "1.0.0",
      "resolved": "https://registry.npmjs.org/css-color-keywords/-/css-color-keywords-1.0.0.tgz",
      "integrity": "sha1-/qJhbcZ2spYmhrOvjb2+GAskTgU="
    },
    "css-to-react-native": {
      "version": "2.3.1",
      "resolved": "https://registry.npmjs.org/css-to-react-native/-/css-to-react-native-2.3.1.tgz",
      "integrity": "sha512-yO+oEx1Lf+hDKasqQRVrAvzMCz825Huh1VMlEEDlRWyAhFb/FWb6I0KpEF1PkyKQ7NEdcx9d5M2ZEWgJAsgPvQ==",
      "requires": {
        "camelize": "^1.0.0",
        "css-color-keywords": "^1.0.0",
        "postcss-value-parser": "^3.3.0"
      }
    },
    "esutils": {
      "version": "2.0.2",
      "resolved": "https://registry.npmjs.org/esutils/-/esutils-2.0.2.tgz",
      "integrity": "sha1-Cr9PHKpbyx96nYrMbepPqqBLrJs="
    },
    "has-flag": {
      "version": "3.0.0",
      "resolved": "https://registry.npmjs.org/has-flag/-/has-flag-3.0.0.tgz",
      "integrity": "sha1-tdRU3CGZriJWmfNGfloH87lVuv0="
    },
    "is-what": {
      "version": "3.2.3",
      "resolved": "https://registry.npmjs.org/is-what/-/is-what-3.2.3.tgz",
      "integrity": "sha512-c4syLgFnjXTH5qd82Fp/qtUIeM0wA69xbI0KH1QpurMIvDaZFrS8UtAa4U52Dc2qSznaMxHit0gErMp6A/Qk1w=="
    },
    "js-tokens": {
      "version": "4.0.0",
      "resolved": "https://registry.npmjs.org/js-tokens/-/js-tokens-4.0.0.tgz",
      "integrity": "sha512-RdJUflcE3cUzKiMqQgsCu06FPu9UdIJO0beYbPhHN4k6apgJtifcoCtT9bcxOpYBtpD2kCM6Sbzg4CausW/PKQ=="
    },
    "lodash": {
      "version": "4.17.11",
      "resolved": "https://registry.npmjs.org/lodash/-/lodash-4.17.11.tgz",
      "integrity": "sha512-cQKh8igo5QUhZ7lg38DYWAxMvjSAKG0A8wGSVimP07SIUEK2UO+arSRKbRZWtelMtN5V0Hkwh5ryOto/SshYIg=="
    },
    "loose-envify": {
      "version": "1.4.0",
      "resolved": "https://registry.npmjs.org/loose-envify/-/loose-envify-1.4.0.tgz",
      "integrity": "sha512-lyuxPGr/Wfhrlem2CL/UcnUc1zcqKAImBDzukY7Y5F/yQiNdko6+fRLevlw1HgMySw7f611UIY408EtxRSoK3Q==",
      "requires": {
        "js-tokens": "^3.0.0 || ^4.0.0"
      }
    },
    "memoize-one": {
      "version": "5.0.4",
      "resolved": "https://registry.npmjs.org/memoize-one/-/memoize-one-5.0.4.tgz",
      "integrity": "sha512-P0z5IeAH6qHHGkJIXWw0xC2HNEgkx/9uWWBQw64FJj3/ol14VYdfVGWWr0fXfjhhv3TKVIqUq65os6O4GUNksA=="
    },
    "merge-anything": {
      "version": "2.2.5",
      "resolved": "https://registry.npmjs.org/merge-anything/-/merge-anything-2.2.5.tgz",
      "integrity": "sha512-WgZGR7EQ1D8pyh57uKBbkPhUCJZLGdMzbDaxL4MDTJSGsvtpGdm8myr6DDtgJwT46xiFBlHqxbveDRpFBWlKWQ==",
      "requires": {
        "is-what": "^3.2.3"
      }
    },
    "object-assign": {
      "version": "4.1.1",
      "resolved": "https://registry.npmjs.org/object-assign/-/object-assign-4.1.1.tgz",
      "integrity": "sha1-IQmtx5ZYh8/AXLvUQsrIv7s2CGM="
    },
    "postcss-value-parser": {
      "version": "3.3.1",
      "resolved": "https://registry.npmjs.org/postcss-value-parser/-/postcss-value-parser-3.3.1.tgz",
      "integrity": "sha512-pISE66AbVkp4fDQ7VHBwRNXzAAKJjw4Vw7nWI/+Q3vuly7SNfgYXvm6i5IgFylHGK5sP/xHAbB7N49OS4gWNyQ=="
    },
    "prop-types": {
      "version": "15.7.2",
      "resolved": "https://registry.npmjs.org/prop-types/-/prop-types-15.7.2.tgz",
      "integrity": "sha512-8QQikdH7//R2vurIJSutZ1smHYTcLpRWEOlHnzcWHmBYrOGUysKwSsrC89BCiFj3CbrfJ/nXFdJepOVrY1GCHQ==",
      "requires": {
        "loose-envify": "^1.4.0",
        "object-assign": "^4.1.1",
        "react-is": "^16.8.1"
      }
    },
    "react-is": {
      "version": "16.8.6",
      "resolved": "https://registry.npmjs.org/react-is/-/react-is-16.8.6.tgz",
      "integrity": "sha512-aUk3bHfZ2bRSVFFbbeVS4i+lNPZr3/WM5jT2J5omUVV1zzcs1nAaf3l51ctA5FFvCRbhrH0bdAsRRQddFJZPtA=="
    },
    "styled-components": {
      "version": "4.3.1",
      "resolved": "https://registry.npmjs.org/styled-components/-/styled-components-4.3.1.tgz",
      "integrity": "sha512-04XKQFFSEx3qTeN5I4kiSeajrwG6juDMw2+vUgvfxeXFegE40TuPKS4fFey8RJP1Ii1AoVQVUOglrdUUey0ZHw==",
      "requires": {
        "@babel/helper-module-imports": "^7.0.0",
        "@emotion/is-prop-valid": "^0.7.3",
        "@emotion/unitless": "^0.7.0",
        "babel-plugin-styled-components": ">= 1",
        "css-to-react-native": "^2.2.2",
        "memoize-one": "^5.0.0",
        "merge-anything": "^2.2.4",
        "prop-types": "^15.5.4",
        "react-is": "^16.6.0",
        "stylis": "^3.5.0",
        "stylis-rule-sheet": "^0.0.10",
        "supports-color": "^5.5.0"
      }
    },
    "stylis": {
      "version": "3.5.4",
      "resolved": "https://registry.npmjs.org/stylis/-/stylis-3.5.4.tgz",
      "integrity": "sha512-8/3pSmthWM7lsPBKv7NXkzn2Uc9W7NotcwGNpJaa3k7WMM1XDCA4MgT5k/8BIexd5ydZdboXtU90XH9Ec4Bv/Q=="
    },
    "stylis-rule-sheet": {
      "version": "0.0.10",
      "resolved": "https://registry.npmjs.org/stylis-rule-sheet/-/stylis-rule-sheet-0.0.10.tgz",
      "integrity": "sha512-nTbZoaqoBnmK+ptANthb10ZRZOGC+EmTLLUxeYIuHNkEKcmKgXX1XWKkUBT2Ac4es3NybooPe0SmvKdhKJZAuw=="
    },
    "supports-color": {
      "version": "5.5.0",
      "resolved": "https://registry.npmjs.org/supports-color/-/supports-color-5.5.0.tgz",
      "integrity": "sha512-QjVjwdXIt408MIiAqCX4oUKsgU2EqAGzs2Ppkm4aQYbjm+ZEWEcW4SfFNTr4uMNZma0ey4f5lgLrkB0aX0QMow==",
      "requires": {
        "has-flag": "^3.0.0"
      }
    },
    "to-fast-properties": {
      "version": "2.0.0",
      "resolved": "https://registry.npmjs.org/to-fast-properties/-/to-fast-properties-2.0.0.tgz",
      "integrity": "sha1-3F5pjL0HkmW8c+A3doGk5Og/YW4="
    }
  }
}
