{
  "name": "voltaire",
  "version": "1.0.0",
  "lockfileVersion": 1,
  "requires": true,
  "dependencies": {
    "bespoke-theme-voltaire": {
      "version": "1.0.1",
      "resolved":
        "https://registry.npmjs.org/bespoke-theme-voltaire/-/bespoke-theme-voltaire-1.0.1.tgz",
      "integrity": "sha1-jNMnIbSbqG0lysYsxt2MW37QcUY="
    }
  }
}
