{
  "name": "fusuma",
  "version": "1.2.3",
  "lockfileVersion": 1,
  "requires": true,
  "dependencies": {
    "deepmerge": {
      "version": "3.2.1",
      "resolved": "https://registry.npmjs.org/deepmerge/-/deepmerge-3.2.1.tgz",
      "integrity": "sha512-+hbDSzTqEW0fWgnlKksg7XAOtT+ddZS5lHZJ6f6MdixRs9wQy+50fm1uUCVb1IkvjLUYX/SfFO021ZNwriURTw=="
    }
  }
}
